
Microsoft Visual Studio Solution File, Format Version 12.00
# Visual Studio 15
VisualStudioVersion = 15.0.27130.2027
MinimumVisualStudioVersion = 10.0.40219.1
Project("{9A19103F-16F7-4668-BE54-9A1E7A4F7556}") = "Jedi.Service", "Jedi.Service\Jedi.Service.csproj", "{220F70EE-0ABE-4612-9A37-384BC8EECA79}"
EndProject
Project("{9A19103F-16F7-4668-BE54-9A1E7A4F7556}") = "Jedi.Data", "Jedi.Data\Jedi.Data.csproj", "{45CA75D0-BE4D-48F7-9BA8-5395344EAF18}"
EndProject
Project("{9A19103F-16F7-4668-BE54-9A1E7A4F7556}") = "Jedi.Models", "Jedi.Models\Jedi.Models.csproj", "{D1E7ED97-2C09-45A6-9672-C967EC606ABC}"
EndProject
Global
	GlobalSection(SolutionConfigurationPlatforms) = preSolution
		Debug|Any CPU = Debug|Any CPU
		Release|Any CPU = Release|Any CPU
	EndGlobalSection
	GlobalSection(ProjectConfigurationPlatforms) = postSolution
		{220F70EE-0ABE-4612-9A37-384BC8EECA79}.Debug|Any CPU.ActiveCfg = Debug|Any CPU
		{220F70EE-0ABE-4612-9A37-384BC8EECA79}.Debug|Any CPU.Build.0 = Debug|Any CPU
		{220F70EE-0ABE-4612-9A37-384BC8EECA79}.Release|Any CPU.ActiveCfg = Release|Any CPU
		{220F70EE-0ABE-4612-9A37-384BC8EECA79}.Release|Any CPU.Build.0 = Release|Any CPU
		{45CA75D0-BE4D-48F7-9BA8-5395344EAF18}.Debug|Any CPU.ActiveCfg = Debug|Any CPU
		{45CA75D0-BE4D-48F7-9BA8-5395344EAF18}.Debug|Any CPU.Build.0 = Debug|Any CPU
		{45CA75D0-BE4D-48F7-9BA8-5395344EAF18}.Release|Any CPU.ActiveCfg = Release|Any CPU
		{45CA75D0-BE4D-48F7-9BA8-5395344EAF18}.Release|Any CPU.Build.0 = Release|Any CPU
		{D1E7ED97-2C09-45A6-9672-C967EC606ABC}.Debug|Any CPU.ActiveCfg = Debug|Any CPU
		{D1E7ED97-2C09-45A6-9672-C967EC606ABC}.Debug|Any CPU.Build.0 = Debug|Any CPU
		{D1E7ED97-2C09-45A6-9672-C967EC606ABC}.Release|Any CPU.ActiveCfg = Release|Any CPU
		{D1E7ED97-2C09-45A6-9672-C967EC606ABC}.Release|Any CPU.Build.0 = Release|Any CPU
	EndGlobalSection
	GlobalSection(SolutionProperties) = preSolution
		HideSolutionNode = FALSE
	EndGlobalSection
	GlobalSection(ExtensibilityGlobals) = postSolution
		SolutionGuid = {EB2C2E57-7266-4390-8730-996F0BD14FC9}
	EndGlobalSection
EndGlobal
